
Microsoft Visual Studio Solution File, Format Version 12.00
# Visual Studio Version 16
VisualStudioVersion = 16.0.33214.272
MinimumVisualStudioVersion = 10.0.40219.1
Project("{FAE04EC0-301F-11D3-BF4B-00C04F79EFBC}") = "Money Calculator", "Money Calculator.csproj", "{9E25BC51-5FC5-43A1-B956-BCE9AEA27271}"
EndProject
Global
	GlobalSection(SolutionConfigurationPlatforms) = preSolution
		Debug|Any CPU = Debug|Any CPU
		Release|Any CPU = Release|Any CPU
	EndGlobalSection
	GlobalSection(ProjectConfigurationPlatforms) = postSolution
		{9E25BC51-5FC5-43A1-B956-BCE9AEA27271}.Debug|Any CPU.ActiveCfg = Debug|Any CPU
		{9E25BC51-5FC5-43A1-B956-BCE9AEA27271}.Debug|Any CPU.Build.0 = Debug|Any CPU
		{9E25BC51-5FC5-43A1-B956-BCE9AEA27271}.Release|Any CPU.ActiveCfg = Release|Any CPU
		{9E25BC51-5FC5-43A1-B956-BCE9AEA27271}.Release|Any CPU.Build.0 = Release|Any CPU
	EndGlobalSection
	GlobalSection(SolutionProperties) = preSolution
		HideSolutionNode = FALSE
	EndGlobalSection
	GlobalSection(ExtensibilityGlobals) = postSolution
		SolutionGuid = {BDD5B6C8-4B87-4A71-94A9-484E5E7BC444}
	EndGlobalSection
EndGlobal
